# @generated by Move, please check-in and do not edit manually.

[move]
version = 0
manifest_digest = "72476C1CB845E2A1438105A5D5381356D3B3BEAA1C7190D3D37A5C64533F0E9F"
deps_digest = "060AD7E57DFB13104F21BE5F5C3759D03F0553FC3229247D9A7A6B45F50D03A3"

dependencies = [
  { name = "MoveStdlib" },
  { name = "Sui" },
  { name = "SuiTears" },
]

[[move.package]]
name = "MoveStdlib"
source = { git = "https://github.com/MystenLabs/sui.git", rev = "framework/testnet", subdir = "crates/sui-framework/packages/move-stdlib" }

[[move.package]]
name = "Sui"
source = { git = "https://github.com/MystenLabs/sui.git", rev = "framework/testnet", subdir = "crates/sui-framework/packages/sui-framework" }

dependencies = [
  { name = "MoveStdlib" },
]

[[move.package]]
name = "SuiTears"
source = { git = "https://github.com/interest-protocol/suitears.git", rev = "develop", subdir = "contracts" }

dependencies = [
  { name = "MoveStdlib" },
  { name = "Sui" },
]

[move.toolchain-version]
compiler-version = "1.24.1"
edition = "legacy"
flavor = "sui"

[env]

[env.devnet-m2]
chain-id = "ba63bf7f"
original-published-id = "0x096e99cfb6d4443ea673745081d268a00e982652e4b8d836218e4452fd0bdc3d"
latest-published-id = "0x096e99cfb6d4443ea673745081d268a00e982652e4b8d836218e4452fd0bdc3d"
published-version = "1"
