# @generated by Move, please check-in and do not edit manually.

[move]
version = 0
manifest_digest = "78574437EE71EDBD7C5425EE38F2E66A47A6E41F0CB9242CD2F1D144E5965466"
deps_digest = "060AD7E57DFB13104F21BE5F5C3759D03F0553FC3229247D9A7A6B45F50D03A3"

dependencies = [
  { name = "MemezV2Invariant" },
  { name = "Sui" },
  { name = "SuiTears" },
]

[[move.package]]
name = "MemezV2Invariant"
source = { git = "https://github.com/interest-protocol/memez-v2-invariant.git", rev = "main", subdir = "" }

dependencies = [
  { name = "Sui" },
]

[[move.package]]
name = "MoveStdlib"
source = { git = "https://github.com/MystenLabs/sui.git", rev = "testnet", subdir = "crates/sui-framework/packages/move-stdlib" }

[[move.package]]
name = "Sui"
source = { git = "https://github.com/MystenLabs/sui.git", rev = "testnet", subdir = "crates/sui-framework/packages/sui-framework" }

dependencies = [
  { name = "MoveStdlib" },
]

[[move.package]]
name = "SuiTears"
source = { git = "https://github.com/interest-protocol/suitears.git", rev = "testnet", subdir = "contracts" }

dependencies = [
  { name = "Sui" },
]

[move.toolchain-version]
compiler-version = "1.28.3"
edition = "2024.beta"
flavor = "sui"

[env]

[env.devnet-m2]
chain-id = "ba63bf7f"
original-published-id = "0x096e99cfb6d4443ea673745081d268a00e982652e4b8d836218e4452fd0bdc3d"
latest-published-id = "0x096e99cfb6d4443ea673745081d268a00e982652e4b8d836218e4452fd0bdc3d"
published-version = "1"
