# @generated by Move, please check-in and do not edit manually.

[move]
version = 0
manifest_digest = "DBF3D8765309D3F5D1C382FB1A643D0D5CCADB266AA5F4663D39BAAE33FAF6E0"
deps_digest = "3C4103934B1E040BB6B23F1D610B4EF9F2F1166A50A104EADCF77467C004C600"

dependencies = [
  { name = "Sui" },
  { name = "SuiTears" },
]

[[move.package]]
name = "MoveStdlib"
source = { git = "https://github.com/MystenLabs/sui.git", rev = "framework/testnet", subdir = "crates/sui-framework/packages/move-stdlib" }

[[move.package]]
name = "Sui"
source = { git = "https://github.com/MystenLabs/sui.git", rev = "framework/testnet", subdir = "crates/sui-framework/packages/sui-framework" }

dependencies = [
  { name = "MoveStdlib" },
]

[[move.package]]
name = "SuiTears"
source = { git = "https://github.com/interest-protocol/suitears.git", rev = "develop", subdir = "contracts" }

dependencies = [
  { name = "MoveStdlib" },
  { name = "Sui" },
]

[move.toolchain-version]
compiler-version = "1.27.2"
edition = "2024.beta"
flavor = "sui"

[env]

[env.devnet-m2]
chain-id = "ba63bf7f"
original-published-id = "0x096e99cfb6d4443ea673745081d268a00e982652e4b8d836218e4452fd0bdc3d"
latest-published-id = "0x096e99cfb6d4443ea673745081d268a00e982652e4b8d836218e4452fd0bdc3d"
published-version = "1"
